
Microsoft Visual Studio Solution File, Format Version 12.00
# Visual Studio Version 16
VisualStudioVersion = 16.0.32630.194
MinimumVisualStudioVersion = 10.0.40219.1
Project("{FAE04EC0-301F-11D3-BF4B-00C04F79EFBC}") = "Calculadora", "Calculadora\Calculadora.csproj", "{DA0256C2-65F0-4581-9FD3-2FDAAA11F4CA}"
EndProject
Global
	GlobalSection(SolutionConfigurationPlatforms) = preSolution
		Debug|Any CPU = Debug|Any CPU
		Release|Any CPU = Release|Any CPU
	EndGlobalSection
	GlobalSection(ProjectConfigurationPlatforms) = postSolution
		{DA0256C2-65F0-4581-9FD3-2FDAAA11F4CA}.Debug|Any CPU.ActiveCfg = Debug|Any CPU
		{DA0256C2-65F0-4581-9FD3-2FDAAA11F4CA}.Debug|Any CPU.Build.0 = Debug|Any CPU
		{DA0256C2-65F0-4581-9FD3-2FDAAA11F4CA}.Release|Any CPU.ActiveCfg = Release|Any CPU
		{DA0256C2-65F0-4581-9FD3-2FDAAA11F4CA}.Release|Any CPU.Build.0 = Release|Any CPU
	EndGlobalSection
	GlobalSection(SolutionProperties) = preSolution
		HideSolutionNode = FALSE
	EndGlobalSection
	GlobalSection(ExtensibilityGlobals) = postSolution
		SolutionGuid = {26C05764-DEF8-4A3B-A151-C8B488F1F229}
	EndGlobalSection
EndGlobal
